{
    "_meta": {
        "hash": {
            "sha256": "32508f272769b3803fb6f9f7e1d26dd3062e91e6efb6761651d8bfe4288a5efe"
        },
        "pipfile-spec": 6,
        "requires": {
            "python_version": "3.7"
        },
        "sources": [
            {
                "name": "pypi",
                "url": "https://pypi.org/simple",
                "verify_ssl": true
            }
        ]
    },
    "default": {
        "python-dotenv": {
            "hashes": [
                "sha256:b7e3b04a59693c42c36f9ab1cc2acc46fa5df8c78e178fc33a8d4cd05c8d498f",
                "sha256:d92a187be61fe482e4fd675b6d52200e7be63a12b724abbf931a40ce4fa92938"
            ],
            "index": "pypi",
            "version": "==0.20.0"
        },
        "python-http-client": {
            "hashes": [
                "sha256:ad371d2bbedc6ea15c26179c6222a78bc9308d272435ddf1d5c84f068f249a36",
                "sha256:bf841ee45262747e00dec7ee9971dfb8c7d83083f5713596488d67739170cea0"
            ],
            "markers": "python_version >= '2.7' and python_version not in '3.0, 3.1, 3.2, 3.3'",
            "version": "==3.3.7"
        },
        "sendgrid": {
            "hashes": [
                "sha256:ba8d3d39e1f392b9434365d53983b2fc6a458ae0496d2d9e103c15e1743ab66b",
                "sha256:fa30411c627690fecd0ef6b1d4e1783f2d0272aa14b5fffb133ebd1e31114f16"
            ],
            "index": "pypi",
            "version": "==6.9.7"
        },
        "starkbank-ecdsa": {
            "hashes": [
                "sha256:73b62b1b3de54bbaa05dedb1a2d951c033432bb074de899e19d4a96a36b21df6"
            ],
            "version": "==2.0.3"
        }
    },
    "develop": {}
}
